// !$*UTF8*$!
{
	archiveVersion = 1;
	classes = {
	};
	objectVersion = 70;
	objects = {

/* Begin PBXBuildFile section */
		68054C9D2B0BF9070087AB10 /* LifeScoreView.swift in Sources */ = {isa = PBXBuildFile; fileRef = 68054C9C2B0BF9070087AB10 /* LifeScoreView.swift */; };
		6819938E2A4133A700DAD975 /* ContentViewModel.swift in Sources */ = {isa = PBXBuildFile; fileRef = 6819938D2A4133A700DAD975 /* ContentViewModel.swift */; };
		6832B5DF2B1A68200027A57B /* SetUpView.swift in Sources */ = {isa = PBXBuildFile; fileRef = 6832B5DE2B1A68200027A57B /* SetUpView.swift */; };
		685335F92ACB3478006935E1 /* IntroViewModel.swift in Sources */ = {isa = PBXBuildFile; fileRef = 685335F82ACB3478006935E1 /* IntroViewModel.swift */; };
		685335FB2ACB34B0006935E1 /* NameViewModel.swift in Sources */ = {isa = PBXBuildFile; fileRef = 685335FA2ACB34B0006935E1 /* NameViewModel.swift */; };
		685335FD2ACB34F7006935E1 /* ReportViewModel.swift in Sources */ = {isa = PBXBuildFile; fileRef = 685335FC2ACB34F7006935E1 /* ReportViewModel.swift */; };
		68733B082A8E8F31004F1EE7 /* NameView.swift in Sources */ = {isa = PBXBuildFile; fileRef = 68733B072A8E8F31004F1EE7 /* NameView.swift */; };
		687CC7E12FAAC3BA00CED1FE /* LogoView.swift in Sources */ = {isa = PBXBuildFile; fileRef = 687CC7E02FAAC3BA00CED1FE /* LogoView.swift */; };
		687DEF502F9BE67100D1641F /* LanguageSelectView.swift in Sources */ = {isa = PBXBuildFile; fileRef = 687DEF4F2F9BE67100D1641F /* LanguageSelectView.swift */; };
		689A24122FA24EBA00AF9CE9 /* SetUpViewModel.swift in Sources */ = {isa = PBXBuildFile; fileRef = 689A24112FA24EAC00AF9CE9 /* SetUpViewModel.swift */; };
		689F267A2FABCBD000CE42B9 /* AnswerView.swift in Sources */ = {isa = PBXBuildFile; fileRef = 689F26792FABCBD000CE42B9 /* AnswerView.swift */; };
		689F267C2FABCBE600CE42B9 /* AnswerViewModel.swift in Sources */ = {isa = PBXBuildFile; fileRef = 689F267B2FABCBE600CE42B9 /* AnswerViewModel.swift */; };
		68A7004C2F7F37F50004D55F /* ReactionView.swift in Sources */ = {isa = PBXBuildFile; fileRef = 68A7004B2F7F37F50004D55F /* ReactionView.swift */; };
		68BB131B2A38DD0900431AE1 /* LifePlusApp.swift in Sources */ = {isa = PBXBuildFile; fileRef = 68BB131A2A38DD0900431AE1 /* LifePlusApp.swift */; };
		68BB131D2A38DD0900431AE1 /* ContentView.swift in Sources */ = {isa = PBXBuildFile; fileRef = 68BB131C2A38DD0900431AE1 /* ContentView.swift */; };
		68BB131F2A38DD0B00431AE1 /* Assets.xcassets in Resources */ = {isa = PBXBuildFile; fileRef = 68BB131E2A38DD0B00431AE1 /* Assets.xcassets */; };
		68BB13232A38DD0B00431AE1 /* Preview Assets.xcassets in Resources */ = {isa = PBXBuildFile; fileRef = 68BB13222A38DD0B00431AE1 /* Preview Assets.xcassets */; };
		68BB134C2A391E0700431AE1 /* DummyData.swift in Sources */ = {isa = PBXBuildFile; fileRef = 68BB134B2A391E0700431AE1 /* DummyData.swift */; };
		68BDC5602A4250BE00A85E91 /* ReportView.swift in Sources */ = {isa = PBXBuildFile; fileRef = 68BDC55F2A4250BE00A85E91 /* ReportView.swift */; };
		68E2E8772F7DAD08008C4937 /* IntroView.swift in Sources */ = {isa = PBXBuildFile; fileRef = 68E2E8762F7DAD08008C4937 /* IntroView.swift */; };
/* End PBXBuildFile section */

/* Begin PBXContainerItemProxy section */
		68BB13292A38DD0B00431AE1 /* PBXContainerItemProxy */ = {
			isa = PBXContainerItemProxy;
			containerPortal = 68BB130F2A38DD0900431AE1 /* Project object */;
			proxyType = 1;
			remoteGlobalIDString = 68BB13162A38DD0900431AE1;
			remoteInfo = LifePlus;
		};
		68BB13332A38DD0B00431AE1 /* PBXContainerItemProxy */ = {
			isa = PBXContainerItemProxy;
			containerPortal = 68BB130F2A38DD0900431AE1 /* Project object */;
			proxyType = 1;
			remoteGlobalIDString = 68BB13162A38DD0900431AE1;
			remoteInfo = LifePlus;
		};
/* End PBXContainerItemProxy section */

/* Begin PBXFileReference section */
		68054C9C2B0BF9070087AB10 /* LifeScoreView.swift */ = {isa = PBXFileReference; lastKnownFileType = sourcecode.swift; path = LifeScoreView.swift; sourceTree = "<group>"; };
		6819938D2A4133A700DAD975 /* ContentViewModel.swift */ = {isa = PBXFileReference; lastKnownFileType = sourcecode.swift; path = ContentViewModel.swift; sourceTree = "<group>"; };
		6832B5DE2B1A68200027A57B /* SetUpView.swift */ = {isa = PBXFileReference; lastKnownFileType = sourcecode.swift; path = SetUpView.swift; sourceTree = "<group>"; };
		6851BCD82AF9D5E3008EF99F /* Info.plist */ = {isa = PBXFileReference; lastKnownFileType = text.plist.xml; path = Info.plist; sourceTree = "<group>"; };
		685335F82ACB3478006935E1 /* IntroViewModel.swift */ = {isa = PBXFileReference; lastKnownFileType = sourcecode.swift; path = IntroViewModel.swift; sourceTree = "<group>"; };
		685335FA2ACB34B0006935E1 /* NameViewModel.swift */ = {isa = PBXFileReference; lastKnownFileType = sourcecode.swift; path = NameViewModel.swift; sourceTree = "<group>"; };
		685335FC2ACB34F7006935E1 /* ReportViewModel.swift */ = {isa = PBXFileReference; lastKnownFileType = sourcecode.swift; path = ReportViewModel.swift; sourceTree = "<group>"; };
		68733B072A8E8F31004F1EE7 /* NameView.swift */ = {isa = PBXFileReference; lastKnownFileType = sourcecode.swift; path = NameView.swift; sourceTree = "<group>"; };
		687CC7E02FAAC3BA00CED1FE /* LogoView.swift */ = {isa = PBXFileReference; lastKnownFileType = sourcecode.swift; path = LogoView.swift; sourceTree = "<group>"; };
		687DEF4F2F9BE67100D1641F /* LanguageSelectView.swift */ = {isa = PBXFileReference; lastKnownFileType = sourcecode.swift; path = LanguageSelectView.swift; sourceTree = "<group>"; };
		689A24112FA24EAC00AF9CE9 /* SetUpViewModel.swift */ = {isa = PBXFileReference; lastKnownFileType = sourcecode.swift; path = SetUpViewModel.swift; sourceTree = "<group>"; };
		689F26792FABCBD000CE42B9 /* AnswerView.swift */ = {isa = PBXFileReference; lastKnownFileType = sourcecode.swift; path = AnswerView.swift; sourceTree = "<group>"; };
		689F267B2FABCBE600CE42B9 /* AnswerViewModel.swift */ = {isa = PBXFileReference; lastKnownFileType = sourcecode.swift; path = AnswerViewModel.swift; sourceTree = "<group>"; };
		68A7004B2F7F37F50004D55F /* ReactionView.swift */ = {isa = PBXFileReference; lastKnownFileType = sourcecode.swift; path = ReactionView.swift; sourceTree = "<group>"; };
		68BB13172A38DD0900431AE1 /* LifePlus.app */ = {isa = PBXFileReference; explicitFileType = wrapper.application; includeInIndex = 0; path = LifePlus.app; sourceTree = BUILT_PRODUCTS_DIR; };
		68BB131A2A38DD0900431AE1 /* LifePlusApp.swift */ = {isa = PBXFileReference; lastKnownFileType = sourcecode.swift; path = LifePlusApp.swift; sourceTree = "<group>"; };
		68BB131C2A38DD0900431AE1 /* ContentView.swift */ = {isa = PBXFileReference; lastKnownFileType = sourcecode.swift; path = ContentView.swift; sourceTree = "<group>"; };
		68BB131E2A38DD0B00431AE1 /* Assets.xcassets */ = {isa = PBXFileReference; lastKnownFileType = folder.assetcatalog; path = Assets.xcassets; sourceTree = "<group>"; };
		68BB13222A38DD0B00431AE1 /* Preview Assets.xcassets */ = {isa = PBXFileReference; lastKnownFileType = folder.assetcatalog; path = "Preview Assets.xcassets"; sourceTree = "<group>"; };
		68BB13282A38DD0B00431AE1 /* LifePlusTests.xctest */ = {isa = PBXFileReference; explicitFileType = wrapper.cfbundle; includeInIndex = 0; path = LifePlusTests.xctest; sourceTree = BUILT_PRODUCTS_DIR; };
		68BB13322A38DD0B00431AE1 /* LifePlusUITests.xctest */ = {isa = PBXFileReference; explicitFileType = wrapper.cfbundle; includeInIndex = 0; path = LifePlusUITests.xctest; sourceTree = BUILT_PRODUCTS_DIR; };
		68BB134B2A391E0700431AE1 /* DummyData.swift */ = {isa = PBXFileReference; lastKnownFileType = sourcecode.swift; path = DummyData.swift; sourceTree = "<group>"; };
		68BDC55F2A4250BE00A85E91 /* ReportView.swift */ = {isa = PBXFileReference; lastKnownFileType = sourcecode.swift; path = ReportView.swift; sourceTree = "<group>"; };
		68E2E8762F7DAD08008C4937 /* IntroView.swift */ = {isa = PBXFileReference; lastKnownFileType = sourcecode.swift; path = IntroView.swift; sourceTree = "<group>"; };
/* End PBXFileReference section */

/* Begin PBXFileSystemSynchronizedRootGroup section */
		685883BA2F7CAA0F0068F7BA /* Models */ = {isa = PBXFileSystemSynchronizedRootGroup; explicitFileTypes = {}; explicitFolders = (); path = Models; sourceTree = "<group>"; };
/* End PBXFileSystemSynchronizedRootGroup section */

/* Begin PBXFrameworksBuildPhase section */
		68BB13142A38DD0900431AE1 /* Frameworks */ = {
			isa = PBXFrameworksBuildPhase;
			buildActionMask = 2147483647;
			files = (
			);
			runOnlyForDeploymentPostprocessing = 0;
		};
		68BB13252A38DD0B00431AE1 /* Frameworks */ = {
			isa = PBXFrameworksBuildPhase;
			buildActionMask = 2147483647;
			files = (
			);
			runOnlyForDeploymentPostprocessing = 0;
		};
		68BB132F2A38DD0B00431AE1 /* Frameworks */ = {
			isa = PBXFrameworksBuildPhase;
			buildActionMask = 2147483647;
			files = (
			);
			runOnlyForDeploymentPostprocessing = 0;
		};
/* End PBXFrameworksBuildPhase section */

/* Begin PBXGroup section */
		685DF94C2B0E8BE500F22AD8 /* Screens */ = {
			isa = PBXGroup;
			children = (
				68DABD5C2FA3CC2A003C6AB9 /* LanguageSelectView */,
				68DABD5B2FA3CC16003C6AB9 /* IntroView */,
				68DABD5A2FA3CC01003C6AB9 /* NameView */,
				68DABD582FA3CBCB003C6AB9 /* ContentView */,
				68DABD592FA3CBE3003C6AB9 /* AnswerView */,
				68DABD5D2FA3CC56003C6AB9 /* ReportView */,
				68DABD5F2FA3CCC3003C6AB9 /* SetUpView */,
				685DF9512B0E98F300F22AD8 /* Composed views */,
			);
			path = Screens;
			sourceTree = "<group>";
		};
		685DF9512B0E98F300F22AD8 /* Composed views */ = {
			isa = PBXGroup;
			children = (
				68A7004B2F7F37F50004D55F /* ReactionView.swift */,
				68054C9C2B0BF9070087AB10 /* LifeScoreView.swift */,
				687CC7E02FAAC3BA00CED1FE /* LogoView.swift */,
			);
			name = "Composed views";
			sourceTree = "<group>";
		};
		68BB130E2A38DD0900431AE1 = {
			isa = PBXGroup;
			children = (
				68BB131A2A38DD0900431AE1 /* LifePlusApp.swift */,
				68BB131E2A38DD0B00431AE1 /* Assets.xcassets */,
				68BB13192A38DD0900431AE1 /* LifePlus */,
				68BB13182A38DD0900431AE1 /* Products */,
			);
			sourceTree = "<group>";
		};
		68BB13182A38DD0900431AE1 /* Products */ = {
			isa = PBXGroup;
			children = (
				68BB13172A38DD0900431AE1 /* LifePlus.app */,
				68BB13282A38DD0B00431AE1 /* LifePlusTests.xctest */,
				68BB13322A38DD0B00431AE1 /* LifePlusUITests.xctest */,
			);
			name = Products;
			sourceTree = "<group>";
		};
		68BB13192A38DD0900431AE1 /* LifePlus */ = {
			isa = PBXGroup;
			children = (
				68BB134B2A391E0700431AE1 /* DummyData.swift */,
				6851BCD82AF9D5E3008EF99F /* Info.plist */,
				685883BA2F7CAA0F0068F7BA /* Models */,
				685DF94C2B0E8BE500F22AD8 /* Screens */,
				68BB13212A38DD0B00431AE1 /* Preview Content */,
			);
			path = LifePlus;
			sourceTree = "<group>";
		};
		68BB13212A38DD0B00431AE1 /* Preview Content */ = {
			isa = PBXGroup;
			children = (
				68BB13222A38DD0B00431AE1 /* Preview Assets.xcassets */,
			);
			path = "Preview Content";
			sourceTree = "<group>";
		};
		68DABD582FA3CBCB003C6AB9 /* ContentView */ = {
			isa = PBXGroup;
			children = (
				68BB131C2A38DD0900431AE1 /* ContentView.swift */,
				6819938D2A4133A700DAD975 /* ContentViewModel.swift */,
			);
			path = ContentView;
			sourceTree = "<group>";
		};
		68DABD592FA3CBE3003C6AB9 /* AnswerView */ = {
			isa = PBXGroup;
			children = (
				689F267B2FABCBE600CE42B9 /* AnswerViewModel.swift */,
				689F26792FABCBD000CE42B9 /* AnswerView.swift */,
			);
			path = AnswerView;
			sourceTree = "<group>";
		};
		68DABD5A2FA3CC01003C6AB9 /* NameView */ = {
			isa = PBXGroup;
			children = (
				68733B072A8E8F31004F1EE7 /* NameView.swift */,
				685335FA2ACB34B0006935E1 /* NameViewModel.swift */,
			);
			path = NameView;
			sourceTree = "<group>";
		};
		68DABD5B2FA3CC16003C6AB9 /* IntroView */ = {
			isa = PBXGroup;
			children = (
				68E2E8762F7DAD08008C4937 /* IntroView.swift */,
				685335F82ACB3478006935E1 /* IntroViewModel.swift */,
			);
			path = IntroView;
			sourceTree = "<group>";
		};
		68DABD5C2FA3CC2A003C6AB9 /* LanguageSelectView */ = {
			isa = PBXGroup;
			children = (
				687DEF4F2F9BE67100D1641F /* LanguageSelectView.swift */,
			);
			path = LanguageSelectView;
			sourceTree = "<group>";
		};
		68DABD5D2FA3CC56003C6AB9 /* ReportView */ = {
			isa = PBXGroup;
			children = (
				68BDC55F2A4250BE00A85E91 /* ReportView.swift */,
				685335FC2ACB34F7006935E1 /* ReportViewModel.swift */,
			);
			path = ReportView;
			sourceTree = "<group>";
		};
		68DABD5F2FA3CCC3003C6AB9 /* SetUpView */ = {
			isa = PBXGroup;
			children = (
				689A24112FA24EAC00AF9CE9 /* SetUpViewModel.swift */,
				6832B5DE2B1A68200027A57B /* SetUpView.swift */,
			);
			path = SetUpView;
			sourceTree = "<group>";
		};
/* End PBXGroup section */

/* Begin PBXNativeTarget section */
		68BB13162A38DD0900431AE1 /* LifePlus */ = {
			isa = PBXNativeTarget;
			buildConfigurationList = 68BB133C2A38DD0B00431AE1 /* Build configuration list for PBXNativeTarget "LifePlus" */;
			buildPhases = (
				68BB13132A38DD0900431AE1 /* Sources */,
				68BB13142A38DD0900431AE1 /* Frameworks */,
				68BB13152A38DD0900431AE1 /* Resources */,
			);
			buildRules = (
			);
			dependencies = (
			);
			fileSystemSynchronizedGroups = (
				685883BA2F7CAA0F0068F7BA /* Models */,
			);
			name = LifePlus;
			packageProductDependencies = (
			);
			productName = LifePlus;
			productReference = 68BB13172A38DD0900431AE1 /* LifePlus.app */;
			productType = "com.apple.product-type.application";
		};
		68BB13272A38DD0B00431AE1 /* LifePlusTests */ = {
			isa = PBXNativeTarget;
			buildConfigurationList = 68BB133F2A38DD0B00431AE1 /* Build configuration list for PBXNativeTarget "LifePlusTests" */;
			buildPhases = (
				68BB13242A38DD0B00431AE1 /* Sources */,
				68BB13252A38DD0B00431AE1 /* Frameworks */,
				68BB13262A38DD0B00431AE1 /* Resources */,
			);
			buildRules = (
			);
			dependencies = (
				68BB132A2A38DD0B00431AE1 /* PBXTargetDependency */,
			);
			name = LifePlusTests;
			productName = LifePlusTests;
			productReference = 68BB13282A38DD0B00431AE1 /* LifePlusTests.xctest */;
			productType = "com.apple.product-type.bundle.unit-test";
		};
		68BB13312A38DD0B00431AE1 /* LifePlusUITests */ = {
			isa = PBXNativeTarget;
			buildConfigurationList = 68BB13422A38DD0B00431AE1 /* Build configuration list for PBXNativeTarget "LifePlusUITests" */;
			buildPhases = (
				68BB132E2A38DD0B00431AE1 /* Sources */,
				68BB132F2A38DD0B00431AE1 /* Frameworks */,
				68BB13302A38DD0B00431AE1 /* Resources */,
			);
			buildRules = (
			);
			dependencies = (
				68BB13342A38DD0B00431AE1 /* PBXTargetDependency */,
			);
			name = LifePlusUITests;
			productName = LifePlusUITests;
			productReference = 68BB13322A38DD0B00431AE1 /* LifePlusUITests.xctest */;
			productType = "com.apple.product-type.bundle.ui-testing";
		};
/* End PBXNativeTarget section */

/* Begin PBXProject section */
		68BB130F2A38DD0900431AE1 /* Project object */ = {
			isa = PBXProject;
			attributes = {
				BuildIndependentTargetsInParallel = 1;
				LastSwiftUpdateCheck = 1430;
				LastUpgradeCheck = 2640;
				TargetAttributes = {
					68BB13162A38DD0900431AE1 = {
						CreatedOnToolsVersion = 14.3;
					};
					68BB13272A38DD0B00431AE1 = {
						CreatedOnToolsVersion = 14.3;
						TestTargetID = 68BB13162A38DD0900431AE1;
					};
					68BB13312A38DD0B00431AE1 = {
						CreatedOnToolsVersion = 14.3;
						TestTargetID = 68BB13162A38DD0900431AE1;
					};
				};
			};
			buildConfigurationList = 68BB13122A38DD0900431AE1 /* Build configuration list for PBXProject "LifePlus" */;
			compatibilityVersion = "Xcode 14.0";
			developmentRegion = "pt-BR";
			hasScannedForEncodings = 0;
			knownRegions = (
				en,
				"pt-BR",
				es,
				Base,
			);
			mainGroup = 68BB130E2A38DD0900431AE1;
			packageReferences = (
			);
			productRefGroup = 68BB13182A38DD0900431AE1 /* Products */;
			projectDirPath = "";
			projectRoot = "";
			targets = (
				68BB13162A38DD0900431AE1 /* LifePlus */,
				68BB13272A38DD0B00431AE1 /* LifePlusTests */,
				68BB13312A38DD0B00431AE1 /* LifePlusUITests */,
			);
		};
/* End PBXProject section */

/* Begin PBXResourcesBuildPhase section */
		68BB13152A38DD0900431AE1 /* Resources */ = {
			isa = PBXResourcesBuildPhase;
			buildActionMask = 2147483647;
			files = (
				68BB13232A38DD0B00431AE1 /* Preview Assets.xcassets in Resources */,
				68BB131F2A38DD0B00431AE1 /* Assets.xcassets in Resources */,
			);
			runOnlyForDeploymentPostprocessing = 0;
		};
		68BB13262A38DD0B00431AE1 /* Resources */ = {
			isa = PBXResourcesBuildPhase;
			buildActionMask = 2147483647;
			files = (
			);
			runOnlyForDeploymentPostprocessing = 0;
		};
		68BB13302A38DD0B00431AE1 /* Resources */ = {
			isa = PBXResourcesBuildPhase;
			buildActionMask = 2147483647;
			files = (
			);
			runOnlyForDeploymentPostprocessing = 0;
		};
/* End PBXResourcesBuildPhase section */

/* Begin PBXSourcesBuildPhase section */
		68BB13132A38DD0900431AE1 /* Sources */ = {
			isa = PBXSourcesBuildPhase;
			buildActionMask = 2147483647;
			files = (
				6819938E2A4133A700DAD975 /* ContentViewModel.swift in Sources */,
				68A7004C2F7F37F50004D55F /* ReactionView.swift in Sources */,
				68BB131D2A38DD0900431AE1 /* ContentView.swift in Sources */,
				68733B082A8E8F31004F1EE7 /* NameView.swift in Sources */,
				689F267C2FABCBE600CE42B9 /* AnswerViewModel.swift in Sources */,
				687DEF502F9BE67100D1641F /* LanguageSelectView.swift in Sources */,
				689A24122FA24EBA00AF9CE9 /* SetUpViewModel.swift in Sources */,
				685335FB2ACB34B0006935E1 /* NameViewModel.swift in Sources */,
				68BB131B2A38DD0900431AE1 /* LifePlusApp.swift in Sources */,
				685335F92ACB3478006935E1 /* IntroViewModel.swift in Sources */,
				68E2E8772F7DAD08008C4937 /* IntroView.swift in Sources */,
				68BB134C2A391E0700431AE1 /* DummyData.swift in Sources */,
				6832B5DF2B1A68200027A57B /* SetUpView.swift in Sources */,
				68BDC5602A4250BE00A85E91 /* ReportView.swift in Sources */,
				68054C9D2B0BF9070087AB10 /* LifeScoreView.swift in Sources */,
				689F267A2FABCBD000CE42B9 /* AnswerView.swift in Sources */,
				687CC7E12FAAC3BA00CED1FE /* LogoView.swift in Sources */,
				685335FD2ACB34F7006935E1 /* ReportViewModel.swift in Sources */,
			);
			runOnlyForDeploymentPostprocessing = 0;
		};
		68BB13242A38DD0B00431AE1 /* Sources */ = {
			isa = PBXSourcesBuildPhase;
			buildActionMask = 2147483647;
			files = (
			);
			runOnlyForDeploymentPostprocessing = 0;
		};
		68BB132E2A38DD0B00431AE1 /* Sources */ = {
			isa = PBXSourcesBuildPhase;
			buildActionMask = 2147483647;
			files = (
			);
			runOnlyForDeploymentPostprocessing = 0;
		};
/* End PBXSourcesBuildPhase section */

/* Begin PBXTargetDependency section */
		68BB132A2A38DD0B00431AE1 /* PBXTargetDependency */ = {
			isa = PBXTargetDependency;
			target = 68BB13162A38DD0900431AE1 /* LifePlus */;
			targetProxy = 68BB13292A38DD0B00431AE1 /* PBXContainerItemProxy */;
		};
		68BB13342A38DD0B00431AE1 /* PBXTargetDependency */ = {
			isa = PBXTargetDependency;
			target = 68BB13162A38DD0900431AE1 /* LifePlus */;
			targetProxy = 68BB13332A38DD0B00431AE1 /* PBXContainerItemProxy */;
		};
/* End PBXTargetDependency section */

/* Begin XCBuildConfiguration section */
		68BB133A2A38DD0B00431AE1 /* Debug */ = {
			isa = XCBuildConfiguration;
			buildSettings = {
				ALWAYS_SEARCH_USER_PATHS = NO;
				CLANG_ANALYZER_LOCALIZABILITY_NONLOCALIZED = YES;
				CLANG_ANALYZER_NONNULL = YES;
				CLANG_ANALYZER_NUMBER_OBJECT_CONVERSION = YES_AGGRESSIVE;
				CLANG_CXX_LANGUAGE_STANDARD = "gnu++20";
				CLANG_ENABLE_MODULES = YES;
				CLANG_ENABLE_OBJC_ARC = YES;
				CLANG_ENABLE_OBJC_WEAK = YES;
				CLANG_WARN_BLOCK_CAPTURE_AUTORELEASING = YES;
				CLANG_WARN_BOOL_CONVERSION = YES;
				CLANG_WARN_COMMA = YES;
				CLANG_WARN_CONSTANT_CONVERSION = YES;
				CLANG_WARN_DEPRECATED_OBJC_IMPLEMENTATIONS = YES;
				CLANG_WARN_DIRECT_OBJC_ISA_USAGE = YES_ERROR;
				CLANG_WARN_DOCUMENTATION_COMMENTS = YES;
				CLANG_WARN_EMPTY_BODY = YES;
				CLANG_WARN_ENUM_CONVERSION = YES;
				CLANG_WARN_INFINITE_RECURSION = YES;
				CLANG_WARN_INT_CONVERSION = YES;
				CLANG_WARN_NON_LITERAL_NULL_CONVERSION = YES;
				CLANG_WARN_OBJC_IMPLICIT_RETAIN_SELF = YES;
				CLANG_WARN_OBJC_LITERAL_CONVERSION = YES;
				CLANG_WARN_OBJC_ROOT_CLASS = YES_ERROR;
				CLANG_WARN_QUOTED_INCLUDE_IN_FRAMEWORK_HEADER = YES;
				CLANG_WARN_RANGE_LOOP_ANALYSIS = YES;
				CLANG_WARN_STRICT_PROTOTYPES = YES;
				CLANG_WARN_SUSPICIOUS_MOVE = YES;
				CLANG_WARN_UNGUARDED_AVAILABILITY = YES_AGGRESSIVE;
				CLANG_WARN_UNREACHABLE_CODE = YES;
				CLANG_WARN__DUPLICATE_METHOD_MATCH = YES;
				COPY_PHASE_STRIP = NO;
				DEAD_CODE_STRIPPING = YES;
				DEBUG_INFORMATION_FORMAT = dwarf;
				DEVELOPMENT_TEAM = MM8J553WV3;
				ENABLE_STRICT_OBJC_MSGSEND = YES;
				ENABLE_TESTABILITY = YES;
				ENABLE_USER_SCRIPT_SANDBOXING = NO;
				GCC_C_LANGUAGE_STANDARD = gnu11;
				GCC_DYNAMIC_NO_PIC = NO;
				GCC_NO_COMMON_BLOCKS = YES;
				GCC_OPTIMIZATION_LEVEL = 0;
				GCC_PREPROCESSOR_DEFINITIONS = (
					"DEBUG=1",
					"$(inherited)",
				);
				GCC_WARN_64_TO_32_BIT_CONVERSION = YES;
				GCC_WARN_ABOUT_RETURN_TYPE = YES_ERROR;
				GCC_WARN_UNDECLARED_SELECTOR = YES;
				GCC_WARN_UNINITIALIZED_AUTOS = YES_AGGRESSIVE;
				GCC_WARN_UNUSED_FUNCTION = YES;
				GCC_WARN_UNUSED_VARIABLE = YES;
				IPHONEOS_DEPLOYMENT_TARGET = 16.4;
				MTL_ENABLE_DEBUG_INFO = INCLUDE_SOURCE;
				MTL_FAST_MATH = YES;
				ONLY_ACTIVE_ARCH = YES;
				OTHER_LDFLAGS = "";
				SDKROOT = iphoneos;
				SEPARATE_SYMBOL_EDIT = YES;
				STRING_CATALOG_GENERATE_SYMBOLS = YES;
				SWIFT_ACTIVE_COMPILATION_CONDITIONS = DEBUG;
				SWIFT_OPTIMIZATION_LEVEL = "-Onone";
			};
			name = Debug;
		};
		68BB133B2A38DD0B00431AE1 /* Release */ = {
			isa = XCBuildConfiguration;
			buildSettings = {
				ALWAYS_SEARCH_USER_PATHS = NO;
				CLANG_ANALYZER_LOCALIZABILITY_NONLOCALIZED = YES;
				CLANG_ANALYZER_NONNULL = YES;
				CLANG_ANALYZER_NUMBER_OBJECT_CONVERSION = YES_AGGRESSIVE;
				CLANG_CXX_LANGUAGE_STANDARD = "gnu++20";
				CLANG_ENABLE_MODULES = YES;
				CLANG_ENABLE_OBJC_ARC = YES;
				CLANG_ENABLE_OBJC_WEAK = YES;
				CLANG_WARN_BLOCK_CAPTURE_AUTORELEASING = YES;
				CLANG_WARN_BOOL_CONVERSION = YES;
				CLANG_WARN_COMMA = YES;
				CLANG_WARN_CONSTANT_CONVERSION = YES;
				CLANG_WARN_DEPRECATED_OBJC_IMPLEMENTATIONS = YES;
				CLANG_WARN_DIRECT_OBJC_ISA_USAGE = YES_ERROR;
				CLANG_WARN_DOCUMENTATION_COMMENTS = YES;
				CLANG_WARN_EMPTY_BODY = YES;
				CLANG_WARN_ENUM_CONVERSION = YES;
				CLANG_WARN_INFINITE_RECURSION = YES;
				CLANG_WARN_INT_CONVERSION = YES;
				CLANG_WARN_NON_LITERAL_NULL_CONVERSION = YES;
				CLANG_WARN_OBJC_IMPLICIT_RETAIN_SELF = YES;
				CLANG_WARN_OBJC_LITERAL_CONVERSION = YES;
				CLANG_WARN_OBJC_ROOT_CLASS = YES_ERROR;
				CLANG_WARN_QUOTED_INCLUDE_IN_FRAMEWORK_HEADER = YES;
				CLANG_WARN_RANGE_LOOP_ANALYSIS = YES;
				CLANG_WARN_STRICT_PROTOTYPES = YES;
				CLANG_WARN_SUSPICIOUS_MOVE = YES;
				CLANG_WARN_UNGUARDED_AVAILABILITY = YES_AGGRESSIVE;
				CLANG_WARN_UNREACHABLE_CODE = YES;
				CLANG_WARN__DUPLICATE_METHOD_MATCH = YES;
				COPY_PHASE_STRIP = NO;
				DEAD_CODE_STRIPPING = YES;
				DEBUG_INFORMATION_FORMAT = "dwarf-with-dsym";
				DEVELOPMENT_TEAM = MM8J553WV3;
				ENABLE_NS_ASSERTIONS = NO;
				ENABLE_STRICT_OBJC_MSGSEND = YES;
				ENABLE_USER_SCRIPT_SANDBOXING = NO;
				GCC_C_LANGUAGE_STANDARD = gnu11;
				GCC_NO_COMMON_BLOCKS = YES;
				GCC_WARN_64_TO_32_BIT_CONVERSION = YES;
				GCC_WARN_ABOUT_RETURN_TYPE = YES_ERROR;
				GCC_WARN_UNDECLARED_SELECTOR = YES;
				GCC_WARN_UNINITIALIZED_AUTOS = YES_AGGRESSIVE;
				GCC_WARN_UNUSED_FUNCTION = YES;
				GCC_WARN_UNUSED_VARIABLE = YES;
				IPHONEOS_DEPLOYMENT_TARGET = 16.4;
				MTL_ENABLE_DEBUG_INFO = NO;
				MTL_FAST_MATH = YES;
				OTHER_LDFLAGS = "";
				"OTHER_LDFLAGS[arch=*]" = "-ObjC";
				SDKROOT = iphoneos;
				SEPARATE_SYMBOL_EDIT = YES;
				STRING_CATALOG_GENERATE_SYMBOLS = YES;
				SWIFT_COMPILATION_MODE = wholemodule;
				SWIFT_OPTIMIZATION_LEVEL = "-O";
			};
			name = Release;
		};
		68BB133D2A38DD0B00431AE1 /* Debug */ = {
			isa = XCBuildConfiguration;
			buildSettings = {
				ASSETCATALOG_COMPILER_APPICON_NAME = AppIcon;
				ASSETCATALOG_COMPILER_GLOBAL_ACCENT_COLOR_NAME = AccentColor;
				CODE_SIGN_ENTITLEMENTS = LifePlus/LifePlus.entitlements;
				CODE_SIGN_STYLE = Automatic;
				CURRENT_PROJECT_VERSION = 14;
				DEAD_CODE_STRIPPING = YES;
				DEVELOPMENT_ASSET_PATHS = "\"LifePlus/Preview Content\"";
				DEVELOPMENT_TEAM = MM8J553WV3;
				ENABLE_HARDENED_RUNTIME = YES;
				ENABLE_PREVIEWS = YES;
				GENERATE_INFOPLIST_FILE = YES;
				INFOPLIST_FILE = LifePlus/Info.plist;
				INFOPLIST_KEY_CFBundleDisplayName = "Life Plus";
				INFOPLIST_KEY_LSApplicationCategoryType = "public.app-category.healthcare-fitness";
				"INFOPLIST_KEY_UIApplicationSceneManifest_Generation[sdk=iphoneos*]" = YES;
				"INFOPLIST_KEY_UIApplicationSceneManifest_Generation[sdk=iphonesimulator*]" = YES;
				"INFOPLIST_KEY_UIApplicationSupportsIndirectInputEvents[sdk=iphoneos*]" = YES;
				"INFOPLIST_KEY_UIApplicationSupportsIndirectInputEvents[sdk=iphonesimulator*]" = YES;
				"INFOPLIST_KEY_UILaunchScreen_Generation[sdk=iphoneos*]" = YES;
				"INFOPLIST_KEY_UILaunchScreen_Generation[sdk=iphonesimulator*]" = YES;
				INFOPLIST_KEY_UIRequiresFullScreen = YES;
				INFOPLIST_KEY_UIStatusBarStyle = UIStatusBarStyleLightContent;
				"INFOPLIST_KEY_UIStatusBarStyle[sdk=iphoneos*]" = UIStatusBarStyleDefault;
				"INFOPLIST_KEY_UIStatusBarStyle[sdk=iphonesimulator*]" = UIStatusBarStyleDefault;
				INFOPLIST_KEY_UISupportedInterfaceOrientations = UIInterfaceOrientationPortrait;
				IPHONEOS_DEPLOYMENT_TARGET = 18;
				LD_RUNPATH_SEARCH_PATHS = "@executable_path/Frameworks";
				"LD_RUNPATH_SEARCH_PATHS[sdk=macosx*]" = "@executable_path/../Frameworks";
				MACOSX_DEPLOYMENT_TARGET = 11.0;
				MARKETING_VERSION = 2.0;
				NEW_SETTING = "";
				OTHER_LDFLAGS = "";
				"OTHER_LDFLAGS[arch=*]" = "-ObjC";
				PRODUCT_BUNDLE_IDENTIFIER = com.blytte.LifePlus;
				PRODUCT_NAME = "$(TARGET_NAME)";
				SDKROOT = auto;
				SUPPORTED_PLATFORMS = "iphoneos iphonesimulator";
				SUPPORTS_MACCATALYST = NO;
				SUPPORTS_MAC_DESIGNED_FOR_IPHONE_IPAD = NO;
				SWIFT_EMIT_LOC_STRINGS = YES;
				SWIFT_VERSION = 5.0;
				TARGETED_DEVICE_FAMILY = "1,2";
			};
			name = Debug;
		};
		68BB133E2A38DD0B00431AE1 /* Release */ = {
			isa = XCBuildConfiguration;
			buildSettings = {
				ASSETCATALOG_COMPILER_APPICON_NAME = AppIcon;
				ASSETCATALOG_COMPILER_GLOBAL_ACCENT_COLOR_NAME = AccentColor;
				CODE_SIGN_ENTITLEMENTS = LifePlus/LifePlus.entitlements;
				CODE_SIGN_STYLE = Automatic;
				CURRENT_PROJECT_VERSION = 14;
				DEAD_CODE_STRIPPING = YES;
				DEVELOPMENT_ASSET_PATHS = "\"LifePlus/Preview Content\"";
				DEVELOPMENT_TEAM = MM8J553WV3;
				ENABLE_HARDENED_RUNTIME = YES;
				ENABLE_PREVIEWS = YES;
				GENERATE_INFOPLIST_FILE = YES;
				INFOPLIST_FILE = LifePlus/Info.plist;
				INFOPLIST_KEY_CFBundleDisplayName = "Life Plus";
				INFOPLIST_KEY_LSApplicationCategoryType = "public.app-category.healthcare-fitness";
				"INFOPLIST_KEY_UIApplicationSceneManifest_Generation[sdk=iphoneos*]" = YES;
				"INFOPLIST_KEY_UIApplicationSceneManifest_Generation[sdk=iphonesimulator*]" = YES;
				"INFOPLIST_KEY_UIApplicationSupportsIndirectInputEvents[sdk=iphoneos*]" = YES;
				"INFOPLIST_KEY_UIApplicationSupportsIndirectInputEvents[sdk=iphonesimulator*]" = YES;
				"INFOPLIST_KEY_UILaunchScreen_Generation[sdk=iphoneos*]" = YES;
				"INFOPLIST_KEY_UILaunchScreen_Generation[sdk=iphonesimulator*]" = YES;
				INFOPLIST_KEY_UIRequiresFullScreen = YES;
				INFOPLIST_KEY_UIStatusBarStyle = UIStatusBarStyleLightContent;
				"INFOPLIST_KEY_UIStatusBarStyle[sdk=iphoneos*]" = UIStatusBarStyleDefault;
				"INFOPLIST_KEY_UIStatusBarStyle[sdk=iphonesimulator*]" = UIStatusBarStyleDefault;
				INFOPLIST_KEY_UISupportedInterfaceOrientations = UIInterfaceOrientationPortrait;
				IPHONEOS_DEPLOYMENT_TARGET = 18;
				LD_RUNPATH_SEARCH_PATHS = "@executable_path/Frameworks";
				"LD_RUNPATH_SEARCH_PATHS[sdk=macosx*]" = "@executable_path/../Frameworks";
				MACOSX_DEPLOYMENT_TARGET = 11.0;
				MARKETING_VERSION = 2.0;
				NEW_SETTING = "";
				OTHER_LDFLAGS = "";
				"OTHER_LDFLAGS[arch=*]" = "";
				PRODUCT_BUNDLE_IDENTIFIER = com.blytte.LifePlus;
				PRODUCT_NAME = "$(TARGET_NAME)";
				SDKROOT = auto;
				SUPPORTED_PLATFORMS = "iphoneos iphonesimulator";
				SUPPORTS_MACCATALYST = NO;
				SUPPORTS_MAC_DESIGNED_FOR_IPHONE_IPAD = NO;
				SWIFT_EMIT_LOC_STRINGS = YES;
				SWIFT_VERSION = 5.0;
				TARGETED_DEVICE_FAMILY = "1,2";
			};
			name = Release;
		};
		68BB13402A38DD0B00431AE1 /* Debug */ = {
			isa = XCBuildConfiguration;
			buildSettings = {
				BUNDLE_LOADER = "$(TEST_HOST)";
				CODE_SIGN_STYLE = Automatic;
				CURRENT_PROJECT_VERSION = 1;
				DEAD_CODE_STRIPPING = YES;
				GENERATE_INFOPLIST_FILE = YES;
				IPHONEOS_DEPLOYMENT_TARGET = 16.4;
				MACOSX_DEPLOYMENT_TARGET = 13.3;
				MARKETING_VERSION = 1.0;
				PRODUCT_BUNDLE_IDENTIFIER = com.blytte.LifePlusTests;
				PRODUCT_NAME = "$(TARGET_NAME)";
				SDKROOT = auto;
				SUPPORTED_PLATFORMS = "iphoneos iphonesimulator macosx";
				SWIFT_EMIT_LOC_STRINGS = NO;
				SWIFT_VERSION = 5.0;
				TARGETED_DEVICE_FAMILY = "1,2";
				TEST_HOST = "$(BUILT_PRODUCTS_DIR)/LifePlus.app/$(BUNDLE_EXECUTABLE_FOLDER_PATH)/LifePlus";
			};
			name = Debug;
		};
		68BB13412A38DD0B00431AE1 /* Release */ = {
			isa = XCBuildConfiguration;
			buildSettings = {
				BUNDLE_LOADER = "$(TEST_HOST)";
				CODE_SIGN_STYLE = Automatic;
				CURRENT_PROJECT_VERSION = 1;
				DEAD_CODE_STRIPPING = YES;
				GENERATE_INFOPLIST_FILE = YES;
				IPHONEOS_DEPLOYMENT_TARGET = 16.4;
				MACOSX_DEPLOYMENT_TARGET = 13.3;
				MARKETING_VERSION = 1.0;
				PRODUCT_BUNDLE_IDENTIFIER = com.blytte.LifePlusTests;
				PRODUCT_NAME = "$(TARGET_NAME)";
				SDKROOT = auto;
				SUPPORTED_PLATFORMS = "iphoneos iphonesimulator macosx";
				SWIFT_EMIT_LOC_STRINGS = NO;
				SWIFT_VERSION = 5.0;
				TARGETED_DEVICE_FAMILY = "1,2";
				TEST_HOST = "$(BUILT_PRODUCTS_DIR)/LifePlus.app/$(BUNDLE_EXECUTABLE_FOLDER_PATH)/LifePlus";
			};
			name = Release;
		};
		68BB13432A38DD0B00431AE1 /* Debug */ = {
			isa = XCBuildConfiguration;
			buildSettings = {
				CODE_SIGN_STYLE = Automatic;
				CURRENT_PROJECT_VERSION = 1;
				DEAD_CODE_STRIPPING = YES;
				GENERATE_INFOPLIST_FILE = YES;
				IPHONEOS_DEPLOYMENT_TARGET = 16.4;
				MACOSX_DEPLOYMENT_TARGET = 13.3;
				MARKETING_VERSION = 1.0;
				PRODUCT_BUNDLE_IDENTIFIER = com.blytte.LifePlusUITests;
				PRODUCT_NAME = "$(TARGET_NAME)";
				SDKROOT = auto;
				SUPPORTED_PLATFORMS = "iphoneos iphonesimulator macosx";
				SWIFT_EMIT_LOC_STRINGS = NO;
				SWIFT_VERSION = 5.0;
				TARGETED_DEVICE_FAMILY = "1,2";
				TEST_TARGET_NAME = LifePlus;
			};
			name = Debug;
		};
		68BB13442A38DD0B00431AE1 /* Release */ = {
			isa = XCBuildConfiguration;
			buildSettings = {
				CODE_SIGN_STYLE = Automatic;
				CURRENT_PROJECT_VERSION = 1;
				DEAD_CODE_STRIPPING = YES;
				GENERATE_INFOPLIST_FILE = YES;
				IPHONEOS_DEPLOYMENT_TARGET = 16.4;
				MACOSX_DEPLOYMENT_TARGET = 13.3;
				MARKETING_VERSION = 1.0;
				PRODUCT_BUNDLE_IDENTIFIER = com.blytte.LifePlusUITests;
				PRODUCT_NAME = "$(TARGET_NAME)";
				SDKROOT = auto;
				SUPPORTED_PLATFORMS = "iphoneos iphonesimulator macosx";
				SWIFT_EMIT_LOC_STRINGS = NO;
				SWIFT_VERSION = 5.0;
				TARGETED_DEVICE_FAMILY = "1,2";
				TEST_TARGET_NAME = LifePlus;
			};
			name = Release;
		};
/* End XCBuildConfiguration section */

/* Begin XCConfigurationList section */
		68BB13122A38DD0900431AE1 /* Build configuration list for PBXProject "LifePlus" */ = {
			isa = XCConfigurationList;
			buildConfigurations = (
				68BB133A2A38DD0B00431AE1 /* Debug */,
				68BB133B2A38DD0B00431AE1 /* Release */,
			);
			defaultConfigurationIsVisible = 0;
			defaultConfigurationName = Release;
		};
		68BB133C2A38DD0B00431AE1 /* Build configuration list for PBXNativeTarget "LifePlus" */ = {
			isa = XCConfigurationList;
			buildConfigurations = (
				68BB133D2A38DD0B00431AE1 /* Debug */,
				68BB133E2A38DD0B00431AE1 /* Release */,
			);
			defaultConfigurationIsVisible = 0;
			defaultConfigurationName = Release;
		};
		68BB133F2A38DD0B00431AE1 /* Build configuration list for PBXNativeTarget "LifePlusTests" */ = {
			isa = XCConfigurationList;
			buildConfigurations = (
				68BB13402A38DD0B00431AE1 /* Debug */,
				68BB13412A38DD0B00431AE1 /* Release */,
			);
			defaultConfigurationIsVisible = 0;
			defaultConfigurationName = Release;
		};
		68BB13422A38DD0B00431AE1 /* Build configuration list for PBXNativeTarget "LifePlusUITests" */ = {
			isa = XCConfigurationList;
			buildConfigurations = (
				68BB13432A38DD0B00431AE1 /* Debug */,
				68BB13442A38DD0B00431AE1 /* Release */,
			);
			defaultConfigurationIsVisible = 0;
			defaultConfigurationName = Release;
		};
/* End XCConfigurationList section */
	};
	rootObject = 68BB130F2A38DD0900431AE1 /* Project object */;
}
